
Microsoft Visual Studio Solution File, Format Version 12.00
# Visual Studio Version 16
VisualStudioVersion = 16.0.30709.132
MinimumVisualStudioVersion = 10.0.40219.1
Project("{9A19103F-16F7-4668-BE54-9A1E7A4F7556}") = "ClienteAPI", "ClienteAPI\ClienteAPI.csproj", "{8ED4E08D-B507-48E9-9851-B09159A1E9A8}"
EndProject
Project("{9A19103F-16F7-4668-BE54-9A1E7A4F7556}") = "ClienteAPI.Test", "ClienteAPI.Test\ClienteAPI.Test.csproj", "{F1F06EE8-C53C-40E2-A5E4-B1FE10FC5DBC}"
EndProject
Project("{9A19103F-16F7-4668-BE54-9A1E7A4F7556}") = "CobrancaAPI", "CobrancaAPI\CobrancaAPI.csproj", "{5F7198A3-E1CE-4D4A-BE58-5CDE908E94D9}"
EndProject
Project("{9A19103F-16F7-4668-BE54-9A1E7A4F7556}") = "CobrancaAPI.Test", "CobrancaAPI.Test\CobrancaAPI.Test.csproj", "{DA7771B0-A65C-4464-AB7A-E592C836C177}"
EndProject
Project("{9A19103F-16F7-4668-BE54-9A1E7A4F7556}") = "CalculadorDeConsumo", "CalculadorDeConsumo\CalculadorDeConsumo.csproj", "{DAF055AB-BFE5-4BF7-855E-DA4B756E4592}"
EndProject
Project("{9A19103F-16F7-4668-BE54-9A1E7A4F7556}") = "CalculadorDeConsumo.Tests", "CalculadorDeConsumo.Tests\CalculadorDeConsumo.Tests.csproj", "{47A6492B-6AB2-4258-BAE4-31B8050F18AD}"
EndProject
Project("{2150E333-8FDC-42A3-9474-1A3956D46DE8}") = "ClienteAPI", "ClienteAPI", "{ACCBD1D8-93DA-411B-B490-FA924F6A1467}"
EndProject
Project("{2150E333-8FDC-42A3-9474-1A3956D46DE8}") = "CobrancaAPI", "CobrancaAPI", "{003D090B-7FE9-4126-AF3F-252BF12AD6A1}"
EndProject
Project("{2150E333-8FDC-42A3-9474-1A3956D46DE8}") = "CalculadorDeConsumo", "CalculadorDeConsumo", "{0DF8EED2-0391-43B5-BBF9-5E4CD10A8549}"
EndProject
Project("{2150E333-8FDC-42A3-9474-1A3956D46DE8}") = "Solution Items", "Solution Items", "{6ADC2623-DA2A-48C4-A923-B1DD01782FB5}"
	ProjectSection(SolutionItems) = preProject
		README.md = README.md
	EndProjectSection
EndProject
Global
	GlobalSection(SolutionConfigurationPlatforms) = preSolution
		Debug|Any CPU = Debug|Any CPU
		Release|Any CPU = Release|Any CPU
	EndGlobalSection
	GlobalSection(ProjectConfigurationPlatforms) = postSolution
		{8ED4E08D-B507-48E9-9851-B09159A1E9A8}.Debug|Any CPU.ActiveCfg = Debug|Any CPU
		{8ED4E08D-B507-48E9-9851-B09159A1E9A8}.Debug|Any CPU.Build.0 = Debug|Any CPU
		{8ED4E08D-B507-48E9-9851-B09159A1E9A8}.Release|Any CPU.ActiveCfg = Release|Any CPU
		{8ED4E08D-B507-48E9-9851-B09159A1E9A8}.Release|Any CPU.Build.0 = Release|Any CPU
		{F1F06EE8-C53C-40E2-A5E4-B1FE10FC5DBC}.Debug|Any CPU.ActiveCfg = Debug|Any CPU
		{F1F06EE8-C53C-40E2-A5E4-B1FE10FC5DBC}.Debug|Any CPU.Build.0 = Debug|Any CPU
		{F1F06EE8-C53C-40E2-A5E4-B1FE10FC5DBC}.Release|Any CPU.ActiveCfg = Release|Any CPU
		{F1F06EE8-C53C-40E2-A5E4-B1FE10FC5DBC}.Release|Any CPU.Build.0 = Release|Any CPU
		{5F7198A3-E1CE-4D4A-BE58-5CDE908E94D9}.Debug|Any CPU.ActiveCfg = Debug|Any CPU
		{5F7198A3-E1CE-4D4A-BE58-5CDE908E94D9}.Debug|Any CPU.Build.0 = Debug|Any CPU
		{5F7198A3-E1CE-4D4A-BE58-5CDE908E94D9}.Release|Any CPU.ActiveCfg = Release|Any CPU
		{5F7198A3-E1CE-4D4A-BE58-5CDE908E94D9}.Release|Any CPU.Build.0 = Release|Any CPU
		{DA7771B0-A65C-4464-AB7A-E592C836C177}.Debug|Any CPU.ActiveCfg = Debug|Any CPU
		{DA7771B0-A65C-4464-AB7A-E592C836C177}.Debug|Any CPU.Build.0 = Debug|Any CPU
		{DA7771B0-A65C-4464-AB7A-E592C836C177}.Release|Any CPU.ActiveCfg = Release|Any CPU
		{DA7771B0-A65C-4464-AB7A-E592C836C177}.Release|Any CPU.Build.0 = Release|Any CPU
		{DAF055AB-BFE5-4BF7-855E-DA4B756E4592}.Debug|Any CPU.ActiveCfg = Debug|Any CPU
		{DAF055AB-BFE5-4BF7-855E-DA4B756E4592}.Debug|Any CPU.Build.0 = Debug|Any CPU
		{DAF055AB-BFE5-4BF7-855E-DA4B756E4592}.Release|Any CPU.ActiveCfg = Release|Any CPU
		{DAF055AB-BFE5-4BF7-855E-DA4B756E4592}.Release|Any CPU.Build.0 = Release|Any CPU
		{47A6492B-6AB2-4258-BAE4-31B8050F18AD}.Debug|Any CPU.ActiveCfg = Debug|Any CPU
		{47A6492B-6AB2-4258-BAE4-31B8050F18AD}.Debug|Any CPU.Build.0 = Debug|Any CPU
		{47A6492B-6AB2-4258-BAE4-31B8050F18AD}.Release|Any CPU.ActiveCfg = Release|Any CPU
		{47A6492B-6AB2-4258-BAE4-31B8050F18AD}.Release|Any CPU.Build.0 = Release|Any CPU
	EndGlobalSection
	GlobalSection(SolutionProperties) = preSolution
		HideSolutionNode = FALSE
	EndGlobalSection
	GlobalSection(NestedProjects) = preSolution
		{8ED4E08D-B507-48E9-9851-B09159A1E9A8} = {ACCBD1D8-93DA-411B-B490-FA924F6A1467}
		{F1F06EE8-C53C-40E2-A5E4-B1FE10FC5DBC} = {ACCBD1D8-93DA-411B-B490-FA924F6A1467}
		{5F7198A3-E1CE-4D4A-BE58-5CDE908E94D9} = {003D090B-7FE9-4126-AF3F-252BF12AD6A1}
		{DA7771B0-A65C-4464-AB7A-E592C836C177} = {003D090B-7FE9-4126-AF3F-252BF12AD6A1}
		{DAF055AB-BFE5-4BF7-855E-DA4B756E4592} = {0DF8EED2-0391-43B5-BBF9-5E4CD10A8549}
		{47A6492B-6AB2-4258-BAE4-31B8050F18AD} = {0DF8EED2-0391-43B5-BBF9-5E4CD10A8549}
	EndGlobalSection
	GlobalSection(ExtensibilityGlobals) = postSolution
		SolutionGuid = {D77D8E1A-9683-4975-AFF4-E6810A0D3C8B}
	EndGlobalSection
EndGlobal
